
Microsoft Visual Studio Solution File, Format Version 12.00
# Visual Studio 15
VisualStudioVersion = 15.0.28307.1169
MinimumVisualStudioVersion = 10.0.40219.1
Project("{FAE04EC0-301F-11D3-BF4B-00C04F79EFBC}") = "DeadAnts", "DeadAnts\DeadAnts.csproj", "{408A8557-618D-41CC-8789-8DB14F86B6D2}"
EndProject
Project("{FAE04EC0-301F-11D3-BF4B-00C04F79EFBC}") = "DeadAntsTests", "DeadAntsTests\DeadAntsTests.csproj", "{05E52119-DCC4-4B25-95F3-EFF61898CD5D}"
EndProject
Global
	GlobalSection(SolutionConfigurationPlatforms) = preSolution
		Debug|Any CPU = Debug|Any CPU
		Release|Any CPU = Release|Any CPU
	EndGlobalSection
	GlobalSection(ProjectConfigurationPlatforms) = postSolution
		{408A8557-618D-41CC-8789-8DB14F86B6D2}.Debug|Any CPU.ActiveCfg = Debug|Any CPU
		{408A8557-618D-41CC-8789-8DB14F86B6D2}.Debug|Any CPU.Build.0 = Debug|Any CPU
		{408A8557-618D-41CC-8789-8DB14F86B6D2}.Release|Any CPU.ActiveCfg = Release|Any CPU
		{408A8557-618D-41CC-8789-8DB14F86B6D2}.Release|Any CPU.Build.0 = Release|Any CPU
		{05E52119-DCC4-4B25-95F3-EFF61898CD5D}.Debug|Any CPU.ActiveCfg = Debug|Any CPU
		{05E52119-DCC4-4B25-95F3-EFF61898CD5D}.Debug|Any CPU.Build.0 = Debug|Any CPU
		{05E52119-DCC4-4B25-95F3-EFF61898CD5D}.Release|Any CPU.ActiveCfg = Release|Any CPU
		{05E52119-DCC4-4B25-95F3-EFF61898CD5D}.Release|Any CPU.Build.0 = Release|Any CPU
	EndGlobalSection
	GlobalSection(SolutionProperties) = preSolution
		HideSolutionNode = FALSE
	EndGlobalSection
	GlobalSection(ExtensibilityGlobals) = postSolution
		SolutionGuid = {C2BD4185-BBC9-4F28-A13E-8B659284CC4B}
	EndGlobalSection
EndGlobal
